
Microsoft Visual Studio Solution File, Format Version 12.00
# Visual Studio Version 16
VisualStudioVersion = 16.0.31205.134
MinimumVisualStudioVersion = 10.0.40219.1
Project("{FAE04EC0-301F-11D3-BF4B-00C04F79EFBC}") = "HealthyMee.Android", "HealthyMee.Android\HealthyMee.Android.csproj", "{82F5F6E6-7839-426C-85D7-B6F8C64AE4DF}"
EndProject
Project("{FAE04EC0-301F-11D3-BF4B-00C04F79EFBC}") = "HealthyMee.iOS", "HealthyMee.iOS\HealthyMee.iOS.csproj", "{7D47F6DC-5615-4FEF-8DF4-641D3A1ED36C}"
EndProject
Project("{FAE04EC0-301F-11D3-BF4B-00C04F79EFBC}") = "HealthyMee", "HealthyMee\HealthyMee.csproj", "{64D60E1C-1C3F-426A-BC5B-79416410E902}"
EndProject
Global
	GlobalSection(SolutionConfigurationPlatforms) = preSolution
		Debug|Any CPU = Debug|Any CPU
		Debug|iPhone = Debug|iPhone
		Debug|iPhoneSimulator = Debug|iPhoneSimulator
		Release|Any CPU = Release|Any CPU
		Release|iPhone = Release|iPhone
		Release|iPhoneSimulator = Release|iPhoneSimulator
	EndGlobalSection
	GlobalSection(ProjectConfigurationPlatforms) = postSolution
		{82F5F6E6-7839-426C-85D7-B6F8C64AE4DF}.Debug|Any CPU.ActiveCfg = Debug|Any CPU
		{82F5F6E6-7839-426C-85D7-B6F8C64AE4DF}.Debug|Any CPU.Build.0 = Debug|Any CPU
		{82F5F6E6-7839-426C-85D7-B6F8C64AE4DF}.Debug|Any CPU.Deploy.0 = Debug|Any CPU
		{82F5F6E6-7839-426C-85D7-B6F8C64AE4DF}.Debug|iPhone.ActiveCfg = Debug|Any CPU
		{82F5F6E6-7839-426C-85D7-B6F8C64AE4DF}.Debug|iPhone.Build.0 = Debug|Any CPU
		{82F5F6E6-7839-426C-85D7-B6F8C64AE4DF}.Debug|iPhone.Deploy.0 = Debug|Any CPU
		{82F5F6E6-7839-426C-85D7-B6F8C64AE4DF}.Debug|iPhoneSimulator.ActiveCfg = Debug|Any CPU
		{82F5F6E6-7839-426C-85D7-B6F8C64AE4DF}.Debug|iPhoneSimulator.Build.0 = Debug|Any CPU
		{82F5F6E6-7839-426C-85D7-B6F8C64AE4DF}.Debug|iPhoneSimulator.Deploy.0 = Debug|Any CPU
		{82F5F6E6-7839-426C-85D7-B6F8C64AE4DF}.Release|Any CPU.ActiveCfg = Release|Any CPU
		{82F5F6E6-7839-426C-85D7-B6F8C64AE4DF}.Release|Any CPU.Build.0 = Release|Any CPU
		{82F5F6E6-7839-426C-85D7-B6F8C64AE4DF}.Release|Any CPU.Deploy.0 = Release|Any CPU
		{82F5F6E6-7839-426C-85D7-B6F8C64AE4DF}.Release|iPhone.ActiveCfg = Release|Any CPU
		{82F5F6E6-7839-426C-85D7-B6F8C64AE4DF}.Release|iPhone.Build.0 = Release|Any CPU
		{82F5F6E6-7839-426C-85D7-B6F8C64AE4DF}.Release|iPhone.Deploy.0 = Release|Any CPU
		{82F5F6E6-7839-426C-85D7-B6F8C64AE4DF}.Release|iPhoneSimulator.ActiveCfg = Release|Any CPU
		{82F5F6E6-7839-426C-85D7-B6F8C64AE4DF}.Release|iPhoneSimulator.Build.0 = Release|Any CPU
		{82F5F6E6-7839-426C-85D7-B6F8C64AE4DF}.Release|iPhoneSimulator.Deploy.0 = Release|Any CPU
		{7D47F6DC-5615-4FEF-8DF4-641D3A1ED36C}.Debug|Any CPU.ActiveCfg = Debug|iPhone
		{7D47F6DC-5615-4FEF-8DF4-641D3A1ED36C}.Debug|Any CPU.Build.0 = Debug|iPhone
		{7D47F6DC-5615-4FEF-8DF4-641D3A1ED36C}.Debug|Any CPU.Deploy.0 = Debug|iPhone
		{7D47F6DC-5615-4FEF-8DF4-641D3A1ED36C}.Debug|iPhone.ActiveCfg = Debug|iPhone
		{7D47F6DC-5615-4FEF-8DF4-641D3A1ED36C}.Debug|iPhone.Build.0 = Debug|iPhone
		{7D47F6DC-5615-4FEF-8DF4-641D3A1ED36C}.Debug|iPhone.Deploy.0 = Debug|iPhone
		{7D47F6DC-5615-4FEF-8DF4-641D3A1ED36C}.Debug|iPhoneSimulator.ActiveCfg = Debug|iPhoneSimulator
		{7D47F6DC-5615-4FEF-8DF4-641D3A1ED36C}.Debug|iPhoneSimulator.Build.0 = Debug|iPhoneSimulator
		{7D47F6DC-5615-4FEF-8DF4-641D3A1ED36C}.Debug|iPhoneSimulator.Deploy.0 = Debug|iPhoneSimulator
		{7D47F6DC-5615-4FEF-8DF4-641D3A1ED36C}.Release|Any CPU.ActiveCfg = Release|iPhoneSimulator
		{7D47F6DC-5615-4FEF-8DF4-641D3A1ED36C}.Release|Any CPU.Build.0 = Release|iPhoneSimulator
		{7D47F6DC-5615-4FEF-8DF4-641D3A1ED36C}.Release|Any CPU.Deploy.0 = Release|iPhoneSimulator
		{7D47F6DC-5615-4FEF-8DF4-641D3A1ED36C}.Release|iPhone.ActiveCfg = Release|iPhone
		{7D47F6DC-5615-4FEF-8DF4-641D3A1ED36C}.Release|iPhone.Build.0 = Release|iPhone
		{7D47F6DC-5615-4FEF-8DF4-641D3A1ED36C}.Release|iPhone.Deploy.0 = Release|iPhone
		{7D47F6DC-5615-4FEF-8DF4-641D3A1ED36C}.Release|iPhoneSimulator.ActiveCfg = Release|iPhoneSimulator
		{7D47F6DC-5615-4FEF-8DF4-641D3A1ED36C}.Release|iPhoneSimulator.Build.0 = Release|iPhoneSimulator
		{7D47F6DC-5615-4FEF-8DF4-641D3A1ED36C}.Release|iPhoneSimulator.Deploy.0 = Release|iPhoneSimulator
		{64D60E1C-1C3F-426A-BC5B-79416410E902}.Debug|Any CPU.ActiveCfg = Debug|Any CPU
		{64D60E1C-1C3F-426A-BC5B-79416410E902}.Debug|Any CPU.Build.0 = Debug|Any CPU
		{64D60E1C-1C3F-426A-BC5B-79416410E902}.Debug|Any CPU.Deploy.0 = Debug|Any CPU
		{64D60E1C-1C3F-426A-BC5B-79416410E902}.Debug|iPhone.ActiveCfg = Debug|Any CPU
		{64D60E1C-1C3F-426A-BC5B-79416410E902}.Debug|iPhone.Build.0 = Debug|Any CPU
		{64D60E1C-1C3F-426A-BC5B-79416410E902}.Debug|iPhone.Deploy.0 = Debug|Any CPU
		{64D60E1C-1C3F-426A-BC5B-79416410E902}.Debug|iPhoneSimulator.ActiveCfg = Debug|Any CPU
		{64D60E1C-1C3F-426A-BC5B-79416410E902}.Debug|iPhoneSimulator.Build.0 = Debug|Any CPU
		{64D60E1C-1C3F-426A-BC5B-79416410E902}.Debug|iPhoneSimulator.Deploy.0 = Debug|Any CPU
		{64D60E1C-1C3F-426A-BC5B-79416410E902}.Release|Any CPU.ActiveCfg = Release|Any CPU
		{64D60E1C-1C3F-426A-BC5B-79416410E902}.Release|Any CPU.Build.0 = Release|Any CPU
		{64D60E1C-1C3F-426A-BC5B-79416410E902}.Release|Any CPU.Deploy.0 = Release|Any CPU
		{64D60E1C-1C3F-426A-BC5B-79416410E902}.Release|iPhone.ActiveCfg = Release|Any CPU
		{64D60E1C-1C3F-426A-BC5B-79416410E902}.Release|iPhone.Build.0 = Release|Any CPU
		{64D60E1C-1C3F-426A-BC5B-79416410E902}.Release|iPhone.Deploy.0 = Release|Any CPU
		{64D60E1C-1C3F-426A-BC5B-79416410E902}.Release|iPhoneSimulator.ActiveCfg = Release|Any CPU
		{64D60E1C-1C3F-426A-BC5B-79416410E902}.Release|iPhoneSimulator.Build.0 = Release|Any CPU
		{64D60E1C-1C3F-426A-BC5B-79416410E902}.Release|iPhoneSimulator.Deploy.0 = Release|Any CPU
	EndGlobalSection
	GlobalSection(SolutionProperties) = preSolution
		HideSolutionNode = FALSE
	EndGlobalSection
	GlobalSection(ExtensibilityGlobals) = postSolution
		SolutionGuid = {75CFBF4F-588F-4241-979F-16ABDBE7F85F}
	EndGlobalSection
EndGlobal
